// !$*UTF8*$!
{
	archiveVersion = 1;
	classes = {
	};
	objectVersion = 77;
	objects = {

/* Begin PBXBuildFile section */
		01975DC017B85B6480159C8B /* OCREngine.swift in Sources */ = {isa = PBXBuildFile; fileRef = D41F6D0EEF4D59BBA8EDE8FC /* OCREngine.swift */; };
		05E37046065892D7711FA9F8 /* InspectorPanel.swift in Sources */ = {isa = PBXBuildFile; fileRef = A16650EBCE876F9C40508DE5 /* InspectorPanel.swift */; };
		14F09AC7D9367C2D0189A8AF /* RecognizedText.swift in Sources */ = {isa = PBXBuildFile; fileRef = 38AA46DFC82FD839B31C04BD /* RecognizedText.swift */; };
		18A122B51B3ACA0AB33D4C36 /* WindowDetector.swift in Sources */ = {isa = PBXBuildFile; fileRef = 87DD7B231054BB5EB5D2B189 /* WindowDetector.swift */; };
		28B73FC2AE20CCC2E1445394 /* OverlayWindowController.swift in Sources */ = {isa = PBXBuildFile; fileRef = A7810D5FCF4F0DEDD8ECC8FB /* OverlayWindowController.swift */; };
		2FCEEDC2A11FD69484AB914C /* ChangeTracker.swift in Sources */ = {isa = PBXBuildFile; fileRef = 5B635323D50E78C9F1941092 /* ChangeTracker.swift */; };
		3208A51D13F0BD503012565E /* CoordinateConverterTests.swift in Sources */ = {isa = PBXBuildFile; fileRef = A36C83240709DD8F95FFBDB4 /* CoordinateConverterTests.swift */; };
		35AC10A99B1E4BDA1D346E62 /* AppTheme.swift in Sources */ = {isa = PBXBuildFile; fileRef = 4582C86FC7A47E839013FC53 /* AppTheme.swift */; };
		3969254DEDC786D5BDEBB9A5 /* AccessibilityScannerTests.swift in Sources */ = {isa = PBXBuildFile; fileRef = B049A76EB76FAEF4297D2E87 /* AccessibilityScannerTests.swift */; };
		3BC911CCC6B6FD76DE524BAA /* RegionLabel.swift in Sources */ = {isa = PBXBuildFile; fileRef = A008C2E5C0CAF1D9C58B56D8 /* RegionLabel.swift */; };
		3D1FB0B5F76F8A12C875F346 /* AppState.swift in Sources */ = {isa = PBXBuildFile; fileRef = DE176FB66FC8C3F1D01E78B5 /* AppState.swift */; };
		3DDE8296F58E84FC0D312165 /* SemanticRegionType.swift in Sources */ = {isa = PBXBuildFile; fileRef = 393DB26A22D93867D65781E8 /* SemanticRegionType.swift */; };
		41CFF310584F0DD581AB783B /* SceneGraph.swift in Sources */ = {isa = PBXBuildFile; fileRef = 0C9AFB80D1CD5808169ED2D1 /* SceneGraph.swift */; };
		43C815A587EDE17357AF2D36 /* CoordinateConverter.swift in Sources */ = {isa = PBXBuildFile; fileRef = B59A1CF6A6A066738CBF1497 /* CoordinateConverter.swift */; };
		456CFE1E267622DA6AF06D43 /* LivePreviewView.swift in Sources */ = {isa = PBXBuildFile; fileRef = 50B68CE2048F593FBBCF6B21 /* LivePreviewView.swift */; };
		4C783D00AE826DBEB1B50E08 /* IconDetector.swift in Sources */ = {isa = PBXBuildFile; fileRef = 1D859629A4BBC204CD51BB9E /* IconDetector.swift */; };
		56E4E21578853402156850A4 /* OverlayView.swift in Sources */ = {isa = PBXBuildFile; fileRef = D772E0518DCD663ADFE5DC1F /* OverlayView.swift */; };
		613EB0D6084761759EA9D0C1 /* AccessibilityScanner.swift in Sources */ = {isa = PBXBuildFile; fileRef = 88E2D7AAFA653D8108DCA5FB /* AccessibilityScanner.swift */; };
		61706CA188057BEEA5D9D173 /* PipelineCoordinator.swift in Sources */ = {isa = PBXBuildFile; fileRef = C15E1732B42BEC1FE65A7D7A /* PipelineCoordinator.swift */; };
		644C3C759FBED8758BD48E14 /* SemanticTreeBuilder.swift in Sources */ = {isa = PBXBuildFile; fileRef = ECD8906F9135BB54EEF74596 /* SemanticTreeBuilder.swift */; };
		6739B0123EDE23BBC04796B0 /* ScreenCaptureManager.swift in Sources */ = {isa = PBXBuildFile; fileRef = 21EFD5416F64F9200B5F82C5 /* ScreenCaptureManager.swift */; };
		6911294883AA81C280F2DBA0 /* OCREngineTests.swift in Sources */ = {isa = PBXBuildFile; fileRef = CEF778EFCB2E1057D9F3F16B /* OCREngineTests.swift */; };
		6AB955D12286AD7607D14451 /* WindowDetectorTests.swift in Sources */ = {isa = PBXBuildFile; fileRef = D9EF1908FA62E397BDD5644C /* WindowDetectorTests.swift */; };
		6D519F66247D7ECFE41E42C1 /* CapturedFrame.swift in Sources */ = {isa = PBXBuildFile; fileRef = 3013FC9BD0C37F2859C1CCB8 /* CapturedFrame.swift */; };
		80C7DECBB5AB5C42D2E0C5F2 /* DeveloperModeClassifier.swift in Sources */ = {isa = PBXBuildFile; fileRef = 989B1FF2F8E656F15020FA3A /* DeveloperModeClassifier.swift */; };
		816E54A907269386F6DBC167 /* GeminiService.swift in Sources */ = {isa = PBXBuildFile; fileRef = 5F65840F5FF3FF16F2B17286 /* GeminiService.swift */; };
		8CE56783247E1DF9D621E8A5 /* SemanticNode.swift in Sources */ = {isa = PBXBuildFile; fileRef = 6149BD6E13CB17B6FC8D28E2 /* SemanticNode.swift */; };
		8F40D24024C23464352A007D /* LeetHackApp.swift in Sources */ = {isa = PBXBuildFile; fileRef = 4099DCD6A6B5DFD88E6B697C /* LeetHackApp.swift */; };
		97F80693D8702E477CC6BDFC /* CodePanelDetector.swift in Sources */ = {isa = PBXBuildFile; fileRef = 655477881528D5E029D8A23C /* CodePanelDetector.swift */; };
		BA0929AE885F74D93AF0DC77 /* LayoutDetectorProtocol.swift in Sources */ = {isa = PBXBuildFile; fileRef = 19AA43CC4A6D26E514C6B8AC /* LayoutDetectorProtocol.swift */; };
		C7CE5DAEECC689F5894B7B9E /* FrameQueue.swift in Sources */ = {isa = PBXBuildFile; fileRef = 3B723DD256F96D8436C0E9F3 /* FrameQueue.swift */; };
		D31A67EF779D4C5BBAAD33C0 /* UIElementDetector.swift in Sources */ = {isa = PBXBuildFile; fileRef = C27701BA4AC114423A3A8B9C /* UIElementDetector.swift */; };
		D4F2F045C10FF811B8983B0C /* CodeLexer.swift in Sources */ = {isa = PBXBuildFile; fileRef = 683DE777085859240B1A7F85 /* CodeLexer.swift */; };
		D7E9D3FFD6DF70EE69DA3638 /* FrameQueueTests.swift in Sources */ = {isa = PBXBuildFile; fileRef = E5FCBF916E6CF1EEA9A558E7 /* FrameQueueTests.swift */; };
		DB305894211E62978019D0CC /* VisionLayoutDetector.swift in Sources */ = {isa = PBXBuildFile; fileRef = 8670803853B3B7F80CD59A2A /* VisionLayoutDetector.swift */; };
		E359D214BAA91F3B62B6EC65 /* DebugCaptureView.swift in Sources */ = {isa = PBXBuildFile; fileRef = AE4B1147A3C15D5CAE232B67 /* DebugCaptureView.swift */; };
		EB3EE7B5AFE0723870A72839 /* ChatView.swift in Sources */ = {isa = PBXBuildFile; fileRef = 8C18D1C5D56D5B616A8C2C35 /* ChatView.swift */; };
		F167419F9DE6EEFAB98D0D94 /* EmbeddingEngine.swift in Sources */ = {isa = PBXBuildFile; fileRef = FFE993508C6A930506B0BE37 /* EmbeddingEngine.swift */; };
		F36E80EC7C5027320B0AB392 /* DetectedWindow.swift in Sources */ = {isa = PBXBuildFile; fileRef = 0FFE7C2EB7DF0EEFE1C1C1AB /* DetectedWindow.swift */; };
		F825E8018A1570E67237E4F6 /* DetectedRegion.swift in Sources */ = {isa = PBXBuildFile; fileRef = 20D59C9188E281F3385FB090 /* DetectedRegion.swift */; };
		F9532E879BE57C65561DE409 /* Assets.xcassets in Resources */ = {isa = PBXBuildFile; fileRef = C1A06C767684ABF5E16564FF /* Assets.xcassets */; };
/* End PBXBuildFile section */

/* Begin PBXContainerItemProxy section */
		41F65ABDD828A0D9E676756D /* PBXContainerItemProxy */ = {
			isa = PBXContainerItemProxy;
			containerPortal = 6A5F91C98CBCEA694E29D480 /* Project object */;
			proxyType = 1;
			remoteGlobalIDString = F23AE6D67B43F76A85B7BCA7;
			remoteInfo = LeetHack;
		};
/* End PBXContainerItemProxy section */

/* Begin PBXFileReference section */
		0C9AFB80D1CD5808169ED2D1 /* SceneGraph.swift */ = {isa = PBXFileReference; lastKnownFileType = sourcecode.swift; path = SceneGraph.swift; sourceTree = "<group>"; };
		0FFE7C2EB7DF0EEFE1C1C1AB /* DetectedWindow.swift */ = {isa = PBXFileReference; lastKnownFileType = sourcecode.swift; path = DetectedWindow.swift; sourceTree = "<group>"; };
		19AA43CC4A6D26E514C6B8AC /* LayoutDetectorProtocol.swift */ = {isa = PBXFileReference; lastKnownFileType = sourcecode.swift; path = LayoutDetectorProtocol.swift; sourceTree = "<group>"; };
		1D859629A4BBC204CD51BB9E /* IconDetector.swift */ = {isa = PBXFileReference; lastKnownFileType = sourcecode.swift; path = IconDetector.swift; sourceTree = "<group>"; };
		20D59C9188E281F3385FB090 /* DetectedRegion.swift */ = {isa = PBXFileReference; lastKnownFileType = sourcecode.swift; path = DetectedRegion.swift; sourceTree = "<group>"; };
		21EFD5416F64F9200B5F82C5 /* ScreenCaptureManager.swift */ = {isa = PBXFileReference; lastKnownFileType = sourcecode.swift; path = ScreenCaptureManager.swift; sourceTree = "<group>"; };
		3013FC9BD0C37F2859C1CCB8 /* CapturedFrame.swift */ = {isa = PBXFileReference; lastKnownFileType = sourcecode.swift; path = CapturedFrame.swift; sourceTree = "<group>"; };
		38AA46DFC82FD839B31C04BD /* RecognizedText.swift */ = {isa = PBXFileReference; lastKnownFileType = sourcecode.swift; path = RecognizedText.swift; sourceTree = "<group>"; };
		393DB26A22D93867D65781E8 /* SemanticRegionType.swift */ = {isa = PBXFileReference; lastKnownFileType = sourcecode.swift; path = SemanticRegionType.swift; sourceTree = "<group>"; };
		3B723DD256F96D8436C0E9F3 /* FrameQueue.swift */ = {isa = PBXFileReference; lastKnownFileType = sourcecode.swift; path = FrameQueue.swift; sourceTree = "<group>"; };
		4099DCD6A6B5DFD88E6B697C /* LeetHackApp.swift */ = {isa = PBXFileReference; lastKnownFileType = sourcecode.swift; path = LeetHackApp.swift; sourceTree = "<group>"; };
		4582C86FC7A47E839013FC53 /* AppTheme.swift */ = {isa = PBXFileReference; lastKnownFileType = sourcecode.swift; path = AppTheme.swift; sourceTree = "<group>"; };
		50B68CE2048F593FBBCF6B21 /* LivePreviewView.swift */ = {isa = PBXFileReference; lastKnownFileType = sourcecode.swift; path = LivePreviewView.swift; sourceTree = "<group>"; };
		5B635323D50E78C9F1941092 /* ChangeTracker.swift */ = {isa = PBXFileReference; lastKnownFileType = sourcecode.swift; path = ChangeTracker.swift; sourceTree = "<group>"; };
		5F65840F5FF3FF16F2B17286 /* GeminiService.swift */ = {isa = PBXFileReference; lastKnownFileType = sourcecode.swift; path = GeminiService.swift; sourceTree = "<group>"; };
		6149BD6E13CB17B6FC8D28E2 /* SemanticNode.swift */ = {isa = PBXFileReference; lastKnownFileType = sourcecode.swift; path = SemanticNode.swift; sourceTree = "<group>"; };
		655477881528D5E029D8A23C /* CodePanelDetector.swift */ = {isa = PBXFileReference; lastKnownFileType = sourcecode.swift; path = CodePanelDetector.swift; sourceTree = "<group>"; };
		683DE777085859240B1A7F85 /* CodeLexer.swift */ = {isa = PBXFileReference; lastKnownFileType = sourcecode.swift; path = CodeLexer.swift; sourceTree = "<group>"; };
		7C29E11123FB774D4B54BE42 /* LeetHack.xctest */ = {isa = PBXFileReference; explicitFileType = wrapper.cfbundle; includeInIndex = 0; path = LeetHack.xctest; sourceTree = BUILT_PRODUCTS_DIR; };
		8670803853B3B7F80CD59A2A /* VisionLayoutDetector.swift */ = {isa = PBXFileReference; lastKnownFileType = sourcecode.swift; path = VisionLayoutDetector.swift; sourceTree = "<group>"; };
		87DD7B231054BB5EB5D2B189 /* WindowDetector.swift */ = {isa = PBXFileReference; lastKnownFileType = sourcecode.swift; path = WindowDetector.swift; sourceTree = "<group>"; };
		88E2D7AAFA653D8108DCA5FB /* AccessibilityScanner.swift */ = {isa = PBXFileReference; lastKnownFileType = sourcecode.swift; path = AccessibilityScanner.swift; sourceTree = "<group>"; };
		8C18D1C5D56D5B616A8C2C35 /* ChatView.swift */ = {isa = PBXFileReference; lastKnownFileType = sourcecode.swift; path = ChatView.swift; sourceTree = "<group>"; };
		989B1FF2F8E656F15020FA3A /* DeveloperModeClassifier.swift */ = {isa = PBXFileReference; lastKnownFileType = sourcecode.swift; path = DeveloperModeClassifier.swift; sourceTree = "<group>"; };
		A008C2E5C0CAF1D9C58B56D8 /* RegionLabel.swift */ = {isa = PBXFileReference; lastKnownFileType = sourcecode.swift; path = RegionLabel.swift; sourceTree = "<group>"; };
		A16650EBCE876F9C40508DE5 /* InspectorPanel.swift */ = {isa = PBXFileReference; lastKnownFileType = sourcecode.swift; path = InspectorPanel.swift; sourceTree = "<group>"; };
		A36C83240709DD8F95FFBDB4 /* CoordinateConverterTests.swift */ = {isa = PBXFileReference; lastKnownFileType = sourcecode.swift; path = CoordinateConverterTests.swift; sourceTree = "<group>"; };
		A7810D5FCF4F0DEDD8ECC8FB /* OverlayWindowController.swift */ = {isa = PBXFileReference; lastKnownFileType = sourcecode.swift; path = OverlayWindowController.swift; sourceTree = "<group>"; };
		AE4B1147A3C15D5CAE232B67 /* DebugCaptureView.swift */ = {isa = PBXFileReference; lastKnownFileType = sourcecode.swift; path = DebugCaptureView.swift; sourceTree = "<group>"; };
		B049A76EB76FAEF4297D2E87 /* AccessibilityScannerTests.swift */ = {isa = PBXFileReference; lastKnownFileType = sourcecode.swift; path = AccessibilityScannerTests.swift; sourceTree = "<group>"; };
		B59A1CF6A6A066738CBF1497 /* CoordinateConverter.swift */ = {isa = PBXFileReference; lastKnownFileType = sourcecode.swift; path = CoordinateConverter.swift; sourceTree = "<group>"; };
		C15E1732B42BEC1FE65A7D7A /* PipelineCoordinator.swift */ = {isa = PBXFileReference; lastKnownFileType = sourcecode.swift; path = PipelineCoordinator.swift; sourceTree = "<group>"; };
		C1A06C767684ABF5E16564FF /* Assets.xcassets */ = {isa = PBXFileReference; lastKnownFileType = folder.assetcatalog; path = Assets.xcassets; sourceTree = "<group>"; };
		C27701BA4AC114423A3A8B9C /* UIElementDetector.swift */ = {isa = PBXFileReference; lastKnownFileType = sourcecode.swift; path = UIElementDetector.swift; sourceTree = "<group>"; };
		C58F188AF7CEC23A994E0DFD /* LeetHack.app */ = {isa = PBXFileReference; explicitFileType = wrapper.application; includeInIndex = 0; path = LeetHack.app; sourceTree = BUILT_PRODUCTS_DIR; };
		CEF778EFCB2E1057D9F3F16B /* OCREngineTests.swift */ = {isa = PBXFileReference; lastKnownFileType = sourcecode.swift; path = OCREngineTests.swift; sourceTree = "<group>"; };
		D41F6D0EEF4D59BBA8EDE8FC /* OCREngine.swift */ = {isa = PBXFileReference; lastKnownFileType = sourcecode.swift; path = OCREngine.swift; sourceTree = "<group>"; };
		D772E0518DCD663ADFE5DC1F /* OverlayView.swift */ = {isa = PBXFileReference; lastKnownFileType = sourcecode.swift; path = OverlayView.swift; sourceTree = "<group>"; };
		D9EF1908FA62E397BDD5644C /* WindowDetectorTests.swift */ = {isa = PBXFileReference; lastKnownFileType = sourcecode.swift; path = WindowDetectorTests.swift; sourceTree = "<group>"; };
		DB708464CFA82283EAB06A0A /* LeetHack.entitlements */ = {isa = PBXFileReference; lastKnownFileType = text.plist.entitlements; path = LeetHack.entitlements; sourceTree = "<group>"; };
		DE176FB66FC8C3F1D01E78B5 /* AppState.swift */ = {isa = PBXFileReference; lastKnownFileType = sourcecode.swift; path = AppState.swift; sourceTree = "<group>"; };
		E5FCBF916E6CF1EEA9A558E7 /* FrameQueueTests.swift */ = {isa = PBXFileReference; lastKnownFileType = sourcecode.swift; path = FrameQueueTests.swift; sourceTree = "<group>"; };
		ECD8906F9135BB54EEF74596 /* SemanticTreeBuilder.swift */ = {isa = PBXFileReference; lastKnownFileType = sourcecode.swift; path = SemanticTreeBuilder.swift; sourceTree = "<group>"; };
		FFE993508C6A930506B0BE37 /* EmbeddingEngine.swift */ = {isa = PBXFileReference; lastKnownFileType = sourcecode.swift; path = EmbeddingEngine.swift; sourceTree = "<group>"; };
/* End PBXFileReference section */

/* Begin PBXGroup section */
		086E0E114226B9F979118FDF /* Models */ = {
			isa = PBXGroup;
			children = (
				3013FC9BD0C37F2859C1CCB8 /* CapturedFrame.swift */,
				20D59C9188E281F3385FB090 /* DetectedRegion.swift */,
				0FFE7C2EB7DF0EEFE1C1C1AB /* DetectedWindow.swift */,
				38AA46DFC82FD839B31C04BD /* RecognizedText.swift */,
				393DB26A22D93867D65781E8 /* SemanticRegionType.swift */,
			);
			path = Models;
			sourceTree = "<group>";
		};
		0F695DEC8E85E28A10AA11F5 /* DeveloperMode */ = {
			isa = PBXGroup;
			children = (
				683DE777085859240B1A7F85 /* CodeLexer.swift */,
				655477881528D5E029D8A23C /* CodePanelDetector.swift */,
				989B1FF2F8E656F15020FA3A /* DeveloperModeClassifier.swift */,
			);
			path = DeveloperMode;
			sourceTree = "<group>";
		};
		11BABFBE0014CEC14121E453 /* Embeddings */ = {
			isa = PBXGroup;
			children = (
				FFE993508C6A930506B0BE37 /* EmbeddingEngine.swift */,
			);
			path = Embeddings;
			sourceTree = "<group>";
		};
		1F766DBF18F02047AF251F31 /* Inspector */ = {
			isa = PBXGroup;
			children = (
				A16650EBCE876F9C40508DE5 /* InspectorPanel.swift */,
			);
			path = Inspector;
			sourceTree = "<group>";
		};
		2628F6201BDBDEABB02B278F /* LayoutDetection */ = {
			isa = PBXGroup;
			children = (
				19AA43CC4A6D26E514C6B8AC /* LayoutDetectorProtocol.swift */,
				8670803853B3B7F80CD59A2A /* VisionLayoutDetector.swift */,
			);
			path = LayoutDetection;
			sourceTree = "<group>";
		};
		3FB4D8AFE6954D250B6223C1 /* Utilities */ = {
			isa = PBXGroup;
			children = (
				A36C83240709DD8F95FFBDB4 /* CoordinateConverterTests.swift */,
			);
			path = Utilities;
			sourceTree = "<group>";
		};
		4011319E28DDA8DC16F2C397 /* Vision */ = {
			isa = PBXGroup;
			children = (
				88E2D7AAFA653D8108DCA5FB /* AccessibilityScanner.swift */,
				1D859629A4BBC204CD51BB9E /* IconDetector.swift */,
				C27701BA4AC114423A3A8B9C /* UIElementDetector.swift */,
				87DD7B231054BB5EB5D2B189 /* WindowDetector.swift */,
			);
			path = Vision;
			sourceTree = "<group>";
		};
		40AEFE8058EB2BCAA27F5A06 /* LeetHackTests */ = {
			isa = PBXGroup;
			children = (
				B12849388B9654483EB34143 /* OCR */,
				DEC71C3DA35F08D27165EBCD /* ScreenCapture */,
				3FB4D8AFE6954D250B6223C1 /* Utilities */,
				781E6F43A1C5FE1E0D299DF4 /* Vision */,
			);
			path = LeetHackTests;
			sourceTree = "<group>";
		};
		4982F537E37E35E4011FA535 /* OCR */ = {
			isa = PBXGroup;
			children = (
				D41F6D0EEF4D59BBA8EDE8FC /* OCREngine.swift */,
			);
			path = OCR;
			sourceTree = "<group>";
		};
		62FDBD5DB425103D18F8344E /* App */ = {
			isa = PBXGroup;
			children = (
				DE176FB66FC8C3F1D01E78B5 /* AppState.swift */,
				4099DCD6A6B5DFD88E6B697C /* LeetHackApp.swift */,
			);
			path = App;
			sourceTree = "<group>";
		};
		781E6F43A1C5FE1E0D299DF4 /* Vision */ = {
			isa = PBXGroup;
			children = (
				B049A76EB76FAEF4297D2E87 /* AccessibilityScannerTests.swift */,
				D9EF1908FA62E397BDD5644C /* WindowDetectorTests.swift */,
			);
			path = Vision;
			sourceTree = "<group>";
		};
		7B2AEF7A635F39BE8496DADA = {
			isa = PBXGroup;
			children = (
				E1C082F660682AC06F04AD97 /* LeetHack */,
				40AEFE8058EB2BCAA27F5A06 /* LeetHackTests */,
				81CF41833F4A176213542324 /* Products */,
			);
			sourceTree = "<group>";
		};
		81CF41833F4A176213542324 /* Products */ = {
			isa = PBXGroup;
			children = (
				C58F188AF7CEC23A994E0DFD /* LeetHack.app */,
				7C29E11123FB774D4B54BE42 /* LeetHack.xctest */,
			);
			name = Products;
			sourceTree = "<group>";
		};
		83A074FD3B9072A642CA4FB3 /* Utilities */ = {
			isa = PBXGroup;
			children = (
				B59A1CF6A6A066738CBF1497 /* CoordinateConverter.swift */,
			);
			path = Utilities;
			sourceTree = "<group>";
		};
		9223296AE09CEA472D048D3B /* SemanticGraph */ = {
			isa = PBXGroup;
			children = (
				5B635323D50E78C9F1941092 /* ChangeTracker.swift */,
				0C9AFB80D1CD5808169ED2D1 /* SceneGraph.swift */,
				6149BD6E13CB17B6FC8D28E2 /* SemanticNode.swift */,
				ECD8906F9135BB54EEF74596 /* SemanticTreeBuilder.swift */,
			);
			path = SemanticGraph;
			sourceTree = "<group>";
		};
		B12849388B9654483EB34143 /* OCR */ = {
			isa = PBXGroup;
			children = (
				CEF778EFCB2E1057D9F3F16B /* OCREngineTests.swift */,
			);
			path = OCR;
			sourceTree = "<group>";
		};
		BB90DC5595D76FBB5388D7A8 /* ScreenCapture */ = {
			isa = PBXGroup;
			children = (
				3B723DD256F96D8436C0E9F3 /* FrameQueue.swift */,
				21EFD5416F64F9200B5F82C5 /* ScreenCaptureManager.swift */,
			);
			path = ScreenCapture;
			sourceTree = "<group>";
		};
		CC04A587B0F178643E8E443B /* Overlay */ = {
			isa = PBXGroup;
			children = (
				D772E0518DCD663ADFE5DC1F /* OverlayView.swift */,
				A7810D5FCF4F0DEDD8ECC8FB /* OverlayWindowController.swift */,
				A008C2E5C0CAF1D9C58B56D8 /* RegionLabel.swift */,
			);
			path = Overlay;
			sourceTree = "<group>";
		};
		D22F877ADE2932CBDF354A45 /* Resources */ = {
			isa = PBXGroup;
			children = (
				C1A06C767684ABF5E16564FF /* Assets.xcassets */,
				DB708464CFA82283EAB06A0A /* LeetHack.entitlements */,
			);
			path = Resources;
			sourceTree = "<group>";
		};
		DEC71C3DA35F08D27165EBCD /* ScreenCapture */ = {
			isa = PBXGroup;
			children = (
				E5FCBF916E6CF1EEA9A558E7 /* FrameQueueTests.swift */,
			);
			path = ScreenCapture;
			sourceTree = "<group>";
		};
		DF37E5AA376401F16ED3505D /* UI */ = {
			isa = PBXGroup;
			children = (
				4582C86FC7A47E839013FC53 /* AppTheme.swift */,
				8C18D1C5D56D5B616A8C2C35 /* ChatView.swift */,
				AE4B1147A3C15D5CAE232B67 /* DebugCaptureView.swift */,
				50B68CE2048F593FBBCF6B21 /* LivePreviewView.swift */,
			);
			path = UI;
			sourceTree = "<group>";
		};
		E1C082F660682AC06F04AD97 /* LeetHack */ = {
			isa = PBXGroup;
			children = (
				62FDBD5DB425103D18F8344E /* App */,
				0F695DEC8E85E28A10AA11F5 /* DeveloperMode */,
				11BABFBE0014CEC14121E453 /* Embeddings */,
				1F766DBF18F02047AF251F31 /* Inspector */,
				2628F6201BDBDEABB02B278F /* LayoutDetection */,
				086E0E114226B9F979118FDF /* Models */,
				4982F537E37E35E4011FA535 /* OCR */,
				CC04A587B0F178643E8E443B /* Overlay */,
				D22F877ADE2932CBDF354A45 /* Resources */,
				BB90DC5595D76FBB5388D7A8 /* ScreenCapture */,
				9223296AE09CEA472D048D3B /* SemanticGraph */,
				E99BCEA27F4A99FF0AEE56ED /* Services */,
				DF37E5AA376401F16ED3505D /* UI */,
				83A074FD3B9072A642CA4FB3 /* Utilities */,
				4011319E28DDA8DC16F2C397 /* Vision */,
			);
			path = LeetHack;
			sourceTree = "<group>";
		};
		E99BCEA27F4A99FF0AEE56ED /* Services */ = {
			isa = PBXGroup;
			children = (
				5F65840F5FF3FF16F2B17286 /* GeminiService.swift */,
				C15E1732B42BEC1FE65A7D7A /* PipelineCoordinator.swift */,
			);
			path = Services;
			sourceTree = "<group>";
		};
/* End PBXGroup section */

/* Begin PBXNativeTarget section */
		3C7A57D82E49AC1E91E7D298 /* LeetHackTests */ = {
			isa = PBXNativeTarget;
			buildConfigurationList = C0BC4A104BDE0520FB44A5CD /* Build configuration list for PBXNativeTarget "LeetHackTests" */;
			buildPhases = (
				7BB01307F93E0ECBA1B50C55 /* Sources */,
			);
			buildRules = (
			);
			dependencies = (
				3B01CF8EDABF016C2FFD470F /* PBXTargetDependency */,
			);
			name = LeetHackTests;
			packageProductDependencies = (
			);
			productName = LeetHackTests;
			productReference = 7C29E11123FB774D4B54BE42 /* LeetHack.xctest */;
			productType = "com.apple.product-type.bundle.unit-test";
		};
		F23AE6D67B43F76A85B7BCA7 /* LeetHack */ = {
			isa = PBXNativeTarget;
			buildConfigurationList = 0CC14C897A74B9A3C291D6E9 /* Build configuration list for PBXNativeTarget "LeetHack" */;
			buildPhases = (
				592368CFAA38692FD0791316 /* Sources */,
				5754371A7839976A6335BDEC /* Resources */,
			);
			buildRules = (
			);
			dependencies = (
			);
			name = LeetHack;
			packageProductDependencies = (
			);
			productName = LeetHack;
			productReference = C58F188AF7CEC23A994E0DFD /* LeetHack.app */;
			productType = "com.apple.product-type.application";
		};
/* End PBXNativeTarget section */

/* Begin PBXProject section */
		6A5F91C98CBCEA694E29D480 /* Project object */ = {
			isa = PBXProject;
			attributes = {
				BuildIndependentTargetsInParallel = YES;
				LastUpgradeCheck = 2660;
				TargetAttributes = {
					F23AE6D67B43F76A85B7BCA7 = {
						ProvisioningStyle = Automatic;
					};
				};
			};
			buildConfigurationList = 0262998A099D7AF68ADA2A1E /* Build configuration list for PBXProject "LeetHack" */;
			developmentRegion = en;
			hasScannedForEncodings = 0;
			knownRegions = (
				Base,
				en,
			);
			mainGroup = 7B2AEF7A635F39BE8496DADA;
			minimizedProjectReferenceProxies = 1;
			preferredProjectObjectVersion = 77;
			productRefGroup = 81CF41833F4A176213542324 /* Products */;
			projectDirPath = "";
			projectRoot = "";
			targets = (
				F23AE6D67B43F76A85B7BCA7 /* LeetHack */,
				3C7A57D82E49AC1E91E7D298 /* LeetHackTests */,
			);
		};
/* End PBXProject section */

/* Begin PBXResourcesBuildPhase section */
		5754371A7839976A6335BDEC /* Resources */ = {
			isa = PBXResourcesBuildPhase;
			buildActionMask = 2147483647;
			files = (
				F9532E879BE57C65561DE409 /* Assets.xcassets in Resources */,
			);
			runOnlyForDeploymentPostprocessing = 0;
		};
/* End PBXResourcesBuildPhase section */

/* Begin PBXSourcesBuildPhase section */
		592368CFAA38692FD0791316 /* Sources */ = {
			isa = PBXSourcesBuildPhase;
			buildActionMask = 2147483647;
			files = (
				613EB0D6084761759EA9D0C1 /* AccessibilityScanner.swift in Sources */,
				3D1FB0B5F76F8A12C875F346 /* AppState.swift in Sources */,
				35AC10A99B1E4BDA1D346E62 /* AppTheme.swift in Sources */,
				6D519F66247D7ECFE41E42C1 /* CapturedFrame.swift in Sources */,
				2FCEEDC2A11FD69484AB914C /* ChangeTracker.swift in Sources */,
				EB3EE7B5AFE0723870A72839 /* ChatView.swift in Sources */,
				D4F2F045C10FF811B8983B0C /* CodeLexer.swift in Sources */,
				97F80693D8702E477CC6BDFC /* CodePanelDetector.swift in Sources */,
				43C815A587EDE17357AF2D36 /* CoordinateConverter.swift in Sources */,
				E359D214BAA91F3B62B6EC65 /* DebugCaptureView.swift in Sources */,
				F825E8018A1570E67237E4F6 /* DetectedRegion.swift in Sources */,
				F36E80EC7C5027320B0AB392 /* DetectedWindow.swift in Sources */,
				80C7DECBB5AB5C42D2E0C5F2 /* DeveloperModeClassifier.swift in Sources */,
				F167419F9DE6EEFAB98D0D94 /* EmbeddingEngine.swift in Sources */,
				C7CE5DAEECC689F5894B7B9E /* FrameQueue.swift in Sources */,
				816E54A907269386F6DBC167 /* GeminiService.swift in Sources */,
				4C783D00AE826DBEB1B50E08 /* IconDetector.swift in Sources */,
				05E37046065892D7711FA9F8 /* InspectorPanel.swift in Sources */,
				BA0929AE885F74D93AF0DC77 /* LayoutDetectorProtocol.swift in Sources */,
				8F40D24024C23464352A007D /* LeetHackApp.swift in Sources */,
				456CFE1E267622DA6AF06D43 /* LivePreviewView.swift in Sources */,
				01975DC017B85B6480159C8B /* OCREngine.swift in Sources */,
				56E4E21578853402156850A4 /* OverlayView.swift in Sources */,
				28B73FC2AE20CCC2E1445394 /* OverlayWindowController.swift in Sources */,
				61706CA188057BEEA5D9D173 /* PipelineCoordinator.swift in Sources */,
				14F09AC7D9367C2D0189A8AF /* RecognizedText.swift in Sources */,
				3BC911CCC6B6FD76DE524BAA /* RegionLabel.swift in Sources */,
				41CFF310584F0DD581AB783B /* SceneGraph.swift in Sources */,
				6739B0123EDE23BBC04796B0 /* ScreenCaptureManager.swift in Sources */,
				8CE56783247E1DF9D621E8A5 /* SemanticNode.swift in Sources */,
				3DDE8296F58E84FC0D312165 /* SemanticRegionType.swift in Sources */,
				644C3C759FBED8758BD48E14 /* SemanticTreeBuilder.swift in Sources */,
				D31A67EF779D4C5BBAAD33C0 /* UIElementDetector.swift in Sources */,
				DB305894211E62978019D0CC /* VisionLayoutDetector.swift in Sources */,
				18A122B51B3ACA0AB33D4C36 /* WindowDetector.swift in Sources */,
			);
			runOnlyForDeploymentPostprocessing = 0;
		};
		7BB01307F93E0ECBA1B50C55 /* Sources */ = {
			isa = PBXSourcesBuildPhase;
			buildActionMask = 2147483647;
			files = (
				3969254DEDC786D5BDEBB9A5 /* AccessibilityScannerTests.swift in Sources */,
				3208A51D13F0BD503012565E /* CoordinateConverterTests.swift in Sources */,
				D7E9D3FFD6DF70EE69DA3638 /* FrameQueueTests.swift in Sources */,
				6911294883AA81C280F2DBA0 /* OCREngineTests.swift in Sources */,
				6AB955D12286AD7607D14451 /* WindowDetectorTests.swift in Sources */,
			);
			runOnlyForDeploymentPostprocessing = 0;
		};
/* End PBXSourcesBuildPhase section */

/* Begin PBXTargetDependency section */
		3B01CF8EDABF016C2FFD470F /* PBXTargetDependency */ = {
			isa = PBXTargetDependency;
			target = F23AE6D67B43F76A85B7BCA7 /* LeetHack */;
			targetProxy = 41F65ABDD828A0D9E676756D /* PBXContainerItemProxy */;
		};
/* End PBXTargetDependency section */

/* Begin XCBuildConfiguration section */
		35491BBA38B24A6C8F716023 /* Release */ = {
			isa = XCBuildConfiguration;
			buildSettings = {
				BUNDLE_LOADER = "$(TEST_HOST)";
				COMBINE_HIDPI_IMAGES = YES;
				DEAD_CODE_STRIPPING = YES;
				LD_RUNPATH_SEARCH_PATHS = (
					"$(inherited)",
					"@executable_path/../Frameworks",
					"@loader_path/../Frameworks",
				);
				MACOSX_DEPLOYMENT_TARGET = 14.0;
				PRODUCT_BUNDLE_IDENTIFIER = com.leethack.LeetHackTests;
				SDKROOT = macosx;
				TEST_HOST = "$(BUILT_PRODUCTS_DIR)/LeetHack.app/Contents/MacOS/LeetHack";
			};
			name = Release;
		};
		983D77AE63E23A765D5A6D60 /* Debug */ = {
			isa = XCBuildConfiguration;
			buildSettings = {
				ALWAYS_SEARCH_USER_PATHS = NO;
				CLANG_ANALYZER_NONNULL = YES;
				CLANG_ANALYZER_NUMBER_OBJECT_CONVERSION = YES_AGGRESSIVE;
				CLANG_CXX_LANGUAGE_STANDARD = "gnu++14";
				CLANG_CXX_LIBRARY = "libc++";
				CLANG_ENABLE_MODULES = YES;
				CLANG_ENABLE_OBJC_ARC = YES;
				CLANG_ENABLE_OBJC_WEAK = YES;
				CLANG_WARN_BLOCK_CAPTURE_AUTORELEASING = YES;
				CLANG_WARN_BOOL_CONVERSION = YES;
				CLANG_WARN_COMMA = YES;
				CLANG_WARN_CONSTANT_CONVERSION = YES;
				CLANG_WARN_DEPRECATED_OBJC_IMPLEMENTATIONS = YES;
				CLANG_WARN_DIRECT_OBJC_ISA_USAGE = YES_ERROR;
				CLANG_WARN_DOCUMENTATION_COMMENTS = YES;
				CLANG_WARN_EMPTY_BODY = YES;
				CLANG_WARN_ENUM_CONVERSION = YES;
				CLANG_WARN_INFINITE_RECURSION = YES;
				CLANG_WARN_INT_CONVERSION = YES;
				CLANG_WARN_NON_LITERAL_NULL_CONVERSION = YES;
				CLANG_WARN_OBJC_IMPLICIT_RETAIN_SELF = YES;
				CLANG_WARN_OBJC_LITERAL_CONVERSION = YES;
				CLANG_WARN_OBJC_ROOT_CLASS = YES_ERROR;
				CLANG_WARN_QUOTED_INCLUDE_IN_FRAMEWORK_HEADER = YES;
				CLANG_WARN_RANGE_LOOP_ANALYSIS = YES;
				CLANG_WARN_STRICT_PROTOTYPES = YES;
				CLANG_WARN_SUSPICIOUS_MOVE = YES;
				CLANG_WARN_UNGUARDED_AVAILABILITY = YES_AGGRESSIVE;
				CLANG_WARN_UNREACHABLE_CODE = YES;
				CLANG_WARN__DUPLICATE_METHOD_MATCH = YES;
				COPY_PHASE_STRIP = NO;
				CURRENT_PROJECT_VERSION = 1;
				DEAD_CODE_STRIPPING = YES;
				DEBUG_INFORMATION_FORMAT = dwarf;
				ENABLE_STRICT_OBJC_MSGSEND = YES;
				ENABLE_TESTABILITY = YES;
				ENABLE_USER_SCRIPT_SANDBOXING = NO;
				GCC_C_LANGUAGE_STANDARD = gnu11;
				GCC_DYNAMIC_NO_PIC = NO;
				GCC_NO_COMMON_BLOCKS = YES;
				GCC_OPTIMIZATION_LEVEL = 0;
				GCC_PREPROCESSOR_DEFINITIONS = (
					"$(inherited)",
					"DEBUG=1",
				);
				GCC_WARN_64_TO_32_BIT_CONVERSION = YES;
				GCC_WARN_ABOUT_RETURN_TYPE = YES_ERROR;
				GCC_WARN_UNDECLARED_SELECTOR = YES;
				GCC_WARN_UNINITIALIZED_AUTOS = YES_AGGRESSIVE;
				GCC_WARN_UNUSED_FUNCTION = YES;
				GCC_WARN_UNUSED_VARIABLE = YES;
				MACOSX_DEPLOYMENT_TARGET = 14.0;
				MARKETING_VERSION = 0.1.0;
				MTL_ENABLE_DEBUG_INFO = INCLUDE_SOURCE;
				MTL_FAST_MATH = YES;
				ONLY_ACTIVE_ARCH = YES;
				PRODUCT_NAME = LeetHack;
				SDKROOT = macosx;
				STRING_CATALOG_GENERATE_SYMBOLS = YES;
				SWIFT_ACTIVE_COMPILATION_CONDITIONS = DEBUG;
				SWIFT_OPTIMIZATION_LEVEL = "-Onone";
				SWIFT_STRICT_CONCURRENCY = complete;
				SWIFT_VERSION = 6.0;
			};
			name = Debug;
		};
		99DDBF4E967E1562E05D960D /* Release */ = {
			isa = XCBuildConfiguration;
			buildSettings = {
				ALWAYS_SEARCH_USER_PATHS = NO;
				CLANG_ANALYZER_NONNULL = YES;
				CLANG_ANALYZER_NUMBER_OBJECT_CONVERSION = YES_AGGRESSIVE;
				CLANG_CXX_LANGUAGE_STANDARD = "gnu++14";
				CLANG_CXX_LIBRARY = "libc++";
				CLANG_ENABLE_MODULES = YES;
				CLANG_ENABLE_OBJC_ARC = YES;
				CLANG_ENABLE_OBJC_WEAK = YES;
				CLANG_WARN_BLOCK_CAPTURE_AUTORELEASING = YES;
				CLANG_WARN_BOOL_CONVERSION = YES;
				CLANG_WARN_COMMA = YES;
				CLANG_WARN_CONSTANT_CONVERSION = YES;
				CLANG_WARN_DEPRECATED_OBJC_IMPLEMENTATIONS = YES;
				CLANG_WARN_DIRECT_OBJC_ISA_USAGE = YES_ERROR;
				CLANG_WARN_DOCUMENTATION_COMMENTS = YES;
				CLANG_WARN_EMPTY_BODY = YES;
				CLANG_WARN_ENUM_CONVERSION = YES;
				CLANG_WARN_INFINITE_RECURSION = YES;
				CLANG_WARN_INT_CONVERSION = YES;
				CLANG_WARN_NON_LITERAL_NULL_CONVERSION = YES;
				CLANG_WARN_OBJC_IMPLICIT_RETAIN_SELF = YES;
				CLANG_WARN_OBJC_LITERAL_CONVERSION = YES;
				CLANG_WARN_OBJC_ROOT_CLASS = YES_ERROR;
				CLANG_WARN_QUOTED_INCLUDE_IN_FRAMEWORK_HEADER = YES;
				CLANG_WARN_RANGE_LOOP_ANALYSIS = YES;
				CLANG_WARN_STRICT_PROTOTYPES = YES;
				CLANG_WARN_SUSPICIOUS_MOVE = YES;
				CLANG_WARN_UNGUARDED_AVAILABILITY = YES_AGGRESSIVE;
				CLANG_WARN_UNREACHABLE_CODE = YES;
				CLANG_WARN__DUPLICATE_METHOD_MATCH = YES;
				COPY_PHASE_STRIP = NO;
				CURRENT_PROJECT_VERSION = 1;
				DEAD_CODE_STRIPPING = YES;
				DEBUG_INFORMATION_FORMAT = "dwarf-with-dsym";
				ENABLE_NS_ASSERTIONS = NO;
				ENABLE_STRICT_OBJC_MSGSEND = YES;
				ENABLE_USER_SCRIPT_SANDBOXING = NO;
				GCC_C_LANGUAGE_STANDARD = gnu11;
				GCC_NO_COMMON_BLOCKS = YES;
				GCC_WARN_64_TO_32_BIT_CONVERSION = YES;
				GCC_WARN_ABOUT_RETURN_TYPE = YES_ERROR;
				GCC_WARN_UNDECLARED_SELECTOR = YES;
				GCC_WARN_UNINITIALIZED_AUTOS = YES_AGGRESSIVE;
				GCC_WARN_UNUSED_FUNCTION = YES;
				GCC_WARN_UNUSED_VARIABLE = YES;
				MACOSX_DEPLOYMENT_TARGET = 14.0;
				MARKETING_VERSION = 0.1.0;
				MTL_ENABLE_DEBUG_INFO = NO;
				MTL_FAST_MATH = YES;
				PRODUCT_NAME = LeetHack;
				SDKROOT = macosx;
				STRING_CATALOG_GENERATE_SYMBOLS = YES;
				SWIFT_COMPILATION_MODE = wholemodule;
				SWIFT_OPTIMIZATION_LEVEL = "-O";
				SWIFT_STRICT_CONCURRENCY = complete;
				SWIFT_VERSION = 6.0;
			};
			name = Release;
		};
		B286B32E26FC08780A98B45D /* Debug */ = {
			isa = XCBuildConfiguration;
			buildSettings = {
				ASSETCATALOG_COMPILER_APPICON_NAME = AppIcon;
				CODE_SIGN_ENTITLEMENTS = LeetHack/Resources/LeetHack.entitlements;
				CODE_SIGN_STYLE = Automatic;
				COMBINE_HIDPI_IMAGES = YES;
				DEAD_CODE_STRIPPING = YES;
				ENABLE_HARDENED_RUNTIME = YES;
				INFOPLIST_FILE = LeetHack/Resources/Info.plist;
				LD_RUNPATH_SEARCH_PATHS = (
					"$(inherited)",
					"@executable_path/../Frameworks",
				);
				MACOSX_DEPLOYMENT_TARGET = 14.0;
				PRODUCT_BUNDLE_IDENTIFIER = com.leethack.app;
				SDKROOT = macosx;
				SWIFT_ACTIVE_COMPILATION_CONDITIONS = DEBUG;
				SWIFT_OPTIMIZATION_LEVEL = "-Onone";
			};
			name = Debug;
		};
		EB130419F922463A4EFFABE3 /* Debug */ = {
			isa = XCBuildConfiguration;
			buildSettings = {
				BUNDLE_LOADER = "$(TEST_HOST)";
				COMBINE_HIDPI_IMAGES = YES;
				DEAD_CODE_STRIPPING = YES;
				LD_RUNPATH_SEARCH_PATHS = (
					"$(inherited)",
					"@executable_path/../Frameworks",
					"@loader_path/../Frameworks",
				);
				MACOSX_DEPLOYMENT_TARGET = 14.0;
				PRODUCT_BUNDLE_IDENTIFIER = com.leethack.LeetHackTests;
				SDKROOT = macosx;
				TEST_HOST = "$(BUILT_PRODUCTS_DIR)/LeetHack.app/Contents/MacOS/LeetHack";
			};
			name = Debug;
		};
		ECC1D4B4ACED175DBAE73CAB /* Release */ = {
			isa = XCBuildConfiguration;
			buildSettings = {
				ASSETCATALOG_COMPILER_APPICON_NAME = AppIcon;
				CODE_SIGN_ENTITLEMENTS = LeetHack/Resources/LeetHack.entitlements;
				CODE_SIGN_STYLE = Automatic;
				COMBINE_HIDPI_IMAGES = YES;
				DEAD_CODE_STRIPPING = YES;
				ENABLE_HARDENED_RUNTIME = YES;
				INFOPLIST_FILE = LeetHack/Resources/Info.plist;
				LD_RUNPATH_SEARCH_PATHS = (
					"$(inherited)",
					"@executable_path/../Frameworks",
				);
				MACOSX_DEPLOYMENT_TARGET = 14.0;
				PRODUCT_BUNDLE_IDENTIFIER = com.leethack.app;
				SDKROOT = macosx;
				SWIFT_COMPILATION_MODE = wholemodule;
				SWIFT_OPTIMIZATION_LEVEL = "-O";
			};
			name = Release;
		};
/* End XCBuildConfiguration section */

/* Begin XCConfigurationList section */
		0262998A099D7AF68ADA2A1E /* Build configuration list for PBXProject "LeetHack" */ = {
			isa = XCConfigurationList;
			buildConfigurations = (
				983D77AE63E23A765D5A6D60 /* Debug */,
				99DDBF4E967E1562E05D960D /* Release */,
			);
			defaultConfigurationIsVisible = 0;
			defaultConfigurationName = Debug;
		};
		0CC14C897A74B9A3C291D6E9 /* Build configuration list for PBXNativeTarget "LeetHack" */ = {
			isa = XCConfigurationList;
			buildConfigurations = (
				B286B32E26FC08780A98B45D /* Debug */,
				ECC1D4B4ACED175DBAE73CAB /* Release */,
			);
			defaultConfigurationIsVisible = 0;
			defaultConfigurationName = Debug;
		};
		C0BC4A104BDE0520FB44A5CD /* Build configuration list for PBXNativeTarget "LeetHackTests" */ = {
			isa = XCConfigurationList;
			buildConfigurations = (
				EB130419F922463A4EFFABE3 /* Debug */,
				35491BBA38B24A6C8F716023 /* Release */,
			);
			defaultConfigurationIsVisible = 0;
			defaultConfigurationName = Debug;
		};
/* End XCConfigurationList section */
	};
	rootObject = 6A5F91C98CBCEA694E29D480 /* Project object */;
}
